
Microsoft Visual Studio Solution File, Format Version 12.00
# Visual Studio 15
VisualStudioVersion = 15.0.27130.2010
MinimumVisualStudioVersion = 10.0.40219.1
Project("{9A19103F-16F7-4668-BE54-9A1E7A4F7556}") = "DivideBy3", "DivideBy3\DivideBy3.csproj", "{4365FD57-EBB3-424F-86A8-83850D240F17}"
EndProject
Project("{9A19103F-16F7-4668-BE54-9A1E7A4F7556}") = "SumOfNumbers", "SumOfNumbers\SumOfNumbers.csproj", "{C6ECF370-3D1B-4B51-BE0A-9AA2079AB85D}"
EndProject
Project("{9A19103F-16F7-4668-BE54-9A1E7A4F7556}") = "FactorialApp", "FactorialApp\FactorialApp.csproj", "{C900083D-AA6A-465A-9603-44EA4049421A}"
EndProject
Project("{9A19103F-16F7-4668-BE54-9A1E7A4F7556}") = "RandomNumberGuess", "RandomNumberGuess\RandomNumberGuess.csproj", "{11BB8AF7-84FC-4222-8230-CFC9A6BE0487}"
EndProject
Project("{9A19103F-16F7-4668-BE54-9A1E7A4F7556}") = "MaxNumberFinder", "MaxNumberFinder\MaxNumberFinder.csproj", "{97CCFF62-BA16-4DD7-82B1-8859F949085C}"
EndProject
Project("{2150E333-8FDC-42A3-9474-1A3956D46DE8}") = "Solution Items", "Solution Items", "{6C98700C-19BA-49DF-9C0E-3BC9F939B3AB}"
	ProjectSection(SolutionItems) = preProject
		.gitignore = .gitignore
	EndProjectSection
EndProject
Project("{2150E333-8FDC-42A3-9474-1A3956D46DE8}") = "MakeUpAssignments", "MakeUpAssignments", "{C834E22F-0511-4D33-8960-415104351B0D}"
EndProject
Project("{FAE04EC0-301F-11D3-BF4B-00C04F79EFBC}") = "PigLatin", "ConsoleApp1\PigLatin.csproj", "{7260C985-9115-45A7-A9DD-5AF7533D1000}"
EndProject
Project("{FAE04EC0-301F-11D3-BF4B-00C04F79EFBC}") = "PigLatin2", "PigLatin2\PigLatin2.csproj", "{F0436B97-B4C1-4782-BC2B-AFFB78915660}"
EndProject
Project("{FAE04EC0-301F-11D3-BF4B-00C04F79EFBC}") = "Timer", "Timer\Timer.csproj", "{BB3A2F00-A3CD-42DB-9853-657B05C2CA74}"
EndProject
Project("{FAE04EC0-301F-11D3-BF4B-00C04F79EFBC}") = "Timer2", "Timer2\Timer2.csproj", "{9FDF3957-2CB0-4B29-8F3B-4BFF6E0E6DFF}"
EndProject
Global
	GlobalSection(SolutionConfigurationPlatforms) = preSolution
		Debug|Any CPU = Debug|Any CPU
		Release|Any CPU = Release|Any CPU
	EndGlobalSection
	GlobalSection(ProjectConfigurationPlatforms) = postSolution
		{4365FD57-EBB3-424F-86A8-83850D240F17}.Debug|Any CPU.ActiveCfg = Debug|Any CPU
		{4365FD57-EBB3-424F-86A8-83850D240F17}.Debug|Any CPU.Build.0 = Debug|Any CPU
		{4365FD57-EBB3-424F-86A8-83850D240F17}.Release|Any CPU.ActiveCfg = Release|Any CPU
		{4365FD57-EBB3-424F-86A8-83850D240F17}.Release|Any CPU.Build.0 = Release|Any CPU
		{C6ECF370-3D1B-4B51-BE0A-9AA2079AB85D}.Debug|Any CPU.ActiveCfg = Debug|Any CPU
		{C6ECF370-3D1B-4B51-BE0A-9AA2079AB85D}.Debug|Any CPU.Build.0 = Debug|Any CPU
		{C6ECF370-3D1B-4B51-BE0A-9AA2079AB85D}.Release|Any CPU.ActiveCfg = Release|Any CPU
		{C6ECF370-3D1B-4B51-BE0A-9AA2079AB85D}.Release|Any CPU.Build.0 = Release|Any CPU
		{C900083D-AA6A-465A-9603-44EA4049421A}.Debug|Any CPU.ActiveCfg = Debug|Any CPU
		{C900083D-AA6A-465A-9603-44EA4049421A}.Debug|Any CPU.Build.0 = Debug|Any CPU
		{C900083D-AA6A-465A-9603-44EA4049421A}.Release|Any CPU.ActiveCfg = Release|Any CPU
		{C900083D-AA6A-465A-9603-44EA4049421A}.Release|Any CPU.Build.0 = Release|Any CPU
		{11BB8AF7-84FC-4222-8230-CFC9A6BE0487}.Debug|Any CPU.ActiveCfg = Debug|Any CPU
		{11BB8AF7-84FC-4222-8230-CFC9A6BE0487}.Debug|Any CPU.Build.0 = Debug|Any CPU
		{11BB8AF7-84FC-4222-8230-CFC9A6BE0487}.Release|Any CPU.ActiveCfg = Release|Any CPU
		{11BB8AF7-84FC-4222-8230-CFC9A6BE0487}.Release|Any CPU.Build.0 = Release|Any CPU
		{97CCFF62-BA16-4DD7-82B1-8859F949085C}.Debug|Any CPU.ActiveCfg = Debug|Any CPU
		{97CCFF62-BA16-4DD7-82B1-8859F949085C}.Debug|Any CPU.Build.0 = Debug|Any CPU
		{97CCFF62-BA16-4DD7-82B1-8859F949085C}.Release|Any CPU.ActiveCfg = Release|Any CPU
		{97CCFF62-BA16-4DD7-82B1-8859F949085C}.Release|Any CPU.Build.0 = Release|Any CPU
		{7260C985-9115-45A7-A9DD-5AF7533D1000}.Debug|Any CPU.ActiveCfg = Debug|Any CPU
		{7260C985-9115-45A7-A9DD-5AF7533D1000}.Debug|Any CPU.Build.0 = Debug|Any CPU
		{7260C985-9115-45A7-A9DD-5AF7533D1000}.Release|Any CPU.ActiveCfg = Release|Any CPU
		{7260C985-9115-45A7-A9DD-5AF7533D1000}.Release|Any CPU.Build.0 = Release|Any CPU
		{F0436B97-B4C1-4782-BC2B-AFFB78915660}.Debug|Any CPU.ActiveCfg = Debug|Any CPU
		{F0436B97-B4C1-4782-BC2B-AFFB78915660}.Debug|Any CPU.Build.0 = Debug|Any CPU
		{F0436B97-B4C1-4782-BC2B-AFFB78915660}.Release|Any CPU.ActiveCfg = Release|Any CPU
		{F0436B97-B4C1-4782-BC2B-AFFB78915660}.Release|Any CPU.Build.0 = Release|Any CPU
		{BB3A2F00-A3CD-42DB-9853-657B05C2CA74}.Debug|Any CPU.ActiveCfg = Debug|Any CPU
		{BB3A2F00-A3CD-42DB-9853-657B05C2CA74}.Debug|Any CPU.Build.0 = Debug|Any CPU
		{BB3A2F00-A3CD-42DB-9853-657B05C2CA74}.Release|Any CPU.ActiveCfg = Release|Any CPU
		{BB3A2F00-A3CD-42DB-9853-657B05C2CA74}.Release|Any CPU.Build.0 = Release|Any CPU
		{9FDF3957-2CB0-4B29-8F3B-4BFF6E0E6DFF}.Debug|Any CPU.ActiveCfg = Debug|Any CPU
		{9FDF3957-2CB0-4B29-8F3B-4BFF6E0E6DFF}.Debug|Any CPU.Build.0 = Debug|Any CPU
		{9FDF3957-2CB0-4B29-8F3B-4BFF6E0E6DFF}.Release|Any CPU.ActiveCfg = Release|Any CPU
		{9FDF3957-2CB0-4B29-8F3B-4BFF6E0E6DFF}.Release|Any CPU.Build.0 = Release|Any CPU
	EndGlobalSection
	GlobalSection(SolutionProperties) = preSolution
		HideSolutionNode = FALSE
	EndGlobalSection
	GlobalSection(NestedProjects) = preSolution
		{7260C985-9115-45A7-A9DD-5AF7533D1000} = {C834E22F-0511-4D33-8960-415104351B0D}
		{BB3A2F00-A3CD-42DB-9853-657B05C2CA74} = {C834E22F-0511-4D33-8960-415104351B0D}
		{9FDF3957-2CB0-4B29-8F3B-4BFF6E0E6DFF} = {C834E22F-0511-4D33-8960-415104351B0D}
	EndGlobalSection
	GlobalSection(ExtensibilityGlobals) = postSolution
		SolutionGuid = {A8CAE089-C6F8-4D34-AD55-12CBADE5009A}
	EndGlobalSection
EndGlobal
