
Microsoft Visual Studio Solution File, Format Version 12.00
# Visual Studio 15
VisualStudioVersion = 15.0.27130.2010
MinimumVisualStudioVersion = 10.0.40219.1
Project("{9A19103F-16F7-4668-BE54-9A1E7A4F7556}") = "DivideBy3", "DivideBy3\DivideBy3.csproj", "{4365FD57-EBB3-424F-86A8-83850D240F17}"
EndProject
Project("{9A19103F-16F7-4668-BE54-9A1E7A4F7556}") = "SumOfNumbers", "SumOfNumbers\SumOfNumbers.csproj", "{C6ECF370-3D1B-4B51-BE0A-9AA2079AB85D}"
EndProject
Project("{9A19103F-16F7-4668-BE54-9A1E7A4F7556}") = "FactorialApp", "FactorialApp\FactorialApp.csproj", "{C900083D-AA6A-465A-9603-44EA4049421A}"
EndProject
Project("{FAE04EC0-301F-11D3-BF4B-00C04F79EFBC}") = "RandomNumberGuess", "RandomNumberGuess\RandomNumberGuess.csproj", "{11BB8AF7-84FC-4222-8230-CFC9A6BE0487}"
EndProject
Project("{FAE04EC0-301F-11D3-BF4B-00C04F79EFBC}") = "MaxNumberFinder", "MaxNumberFinder\MaxNumberFinder.csproj", "{97CCFF62-BA16-4DD7-82B1-8859F949085C}"
EndProject
Project("{2150E333-8FDC-42A3-9474-1A3956D46DE8}") = "Solution Items", "Solution Items", "{6C98700C-19BA-49DF-9C0E-3BC9F939B3AB}"
	ProjectSection(SolutionItems) = preProject
		.gitignore = .gitignore
	EndProjectSection
EndProject
Global
	GlobalSection(SolutionConfigurationPlatforms) = preSolution
		Debug|Any CPU = Debug|Any CPU
		Release|Any CPU = Release|Any CPU
	EndGlobalSection
	GlobalSection(ProjectConfigurationPlatforms) = postSolution
		{4365FD57-EBB3-424F-86A8-83850D240F17}.Debug|Any CPU.ActiveCfg = Debug|Any CPU
		{4365FD57-EBB3-424F-86A8-83850D240F17}.Debug|Any CPU.Build.0 = Debug|Any CPU
		{4365FD57-EBB3-424F-86A8-83850D240F17}.Release|Any CPU.ActiveCfg = Release|Any CPU
		{4365FD57-EBB3-424F-86A8-83850D240F17}.Release|Any CPU.Build.0 = Release|Any CPU
		{C6ECF370-3D1B-4B51-BE0A-9AA2079AB85D}.Debug|Any CPU.ActiveCfg = Debug|Any CPU
		{C6ECF370-3D1B-4B51-BE0A-9AA2079AB85D}.Debug|Any CPU.Build.0 = Debug|Any CPU
		{C6ECF370-3D1B-4B51-BE0A-9AA2079AB85D}.Release|Any CPU.ActiveCfg = Release|Any CPU
		{C6ECF370-3D1B-4B51-BE0A-9AA2079AB85D}.Release|Any CPU.Build.0 = Release|Any CPU
		{C900083D-AA6A-465A-9603-44EA4049421A}.Debug|Any CPU.ActiveCfg = Debug|Any CPU
		{C900083D-AA6A-465A-9603-44EA4049421A}.Debug|Any CPU.Build.0 = Debug|Any CPU
		{C900083D-AA6A-465A-9603-44EA4049421A}.Release|Any CPU.ActiveCfg = Release|Any CPU
		{C900083D-AA6A-465A-9603-44EA4049421A}.Release|Any CPU.Build.0 = Release|Any CPU
		{11BB8AF7-84FC-4222-8230-CFC9A6BE0487}.Debug|Any CPU.ActiveCfg = Debug|Any CPU
		{11BB8AF7-84FC-4222-8230-CFC9A6BE0487}.Debug|Any CPU.Build.0 = Debug|Any CPU
		{11BB8AF7-84FC-4222-8230-CFC9A6BE0487}.Release|Any CPU.ActiveCfg = Release|Any CPU
		{11BB8AF7-84FC-4222-8230-CFC9A6BE0487}.Release|Any CPU.Build.0 = Release|Any CPU
		{97CCFF62-BA16-4DD7-82B1-8859F949085C}.Debug|Any CPU.ActiveCfg = Debug|Any CPU
		{97CCFF62-BA16-4DD7-82B1-8859F949085C}.Debug|Any CPU.Build.0 = Debug|Any CPU
		{97CCFF62-BA16-4DD7-82B1-8859F949085C}.Release|Any CPU.ActiveCfg = Release|Any CPU
		{97CCFF62-BA16-4DD7-82B1-8859F949085C}.Release|Any CPU.Build.0 = Release|Any CPU
	EndGlobalSection
	GlobalSection(SolutionProperties) = preSolution
		HideSolutionNode = FALSE
	EndGlobalSection
	GlobalSection(ExtensibilityGlobals) = postSolution
		SolutionGuid = {A8CAE089-C6F8-4D34-AD55-12CBADE5009A}
	EndGlobalSection
EndGlobal
